
Microsoft Visual Studio Solution File, Format Version 12.00
# Visual Studio Version 16
VisualStudioVersion = 16.0.29001.49
MinimumVisualStudioVersion = 10.0.40219.1
Project("{FAE04EC0-301F-11D3-BF4B-00C04F79EFBC}") = "pipeline-react", "pipeline-react\pipeline-react\pipeline-react.csproj", "{CA94BE36-55AB-4805-9E6C-0CAB1B501D45}"
EndProject
Global
	GlobalSection(SolutionConfigurationPlatforms) = preSolution
		Debug|Any CPU = Debug|Any CPU
		Release|Any CPU = Release|Any CPU
	EndGlobalSection
	GlobalSection(ProjectConfigurationPlatforms) = postSolution
		{CA94BE36-55AB-4805-9E6C-0CAB1B501D45}.Debug|Any CPU.ActiveCfg = Debug|Any CPU
		{CA94BE36-55AB-4805-9E6C-0CAB1B501D45}.Debug|Any CPU.Build.0 = Debug|Any CPU
		{CA94BE36-55AB-4805-9E6C-0CAB1B501D45}.Release|Any CPU.ActiveCfg = Release|Any CPU
		{CA94BE36-55AB-4805-9E6C-0CAB1B501D45}.Release|Any CPU.Build.0 = Release|Any CPU
	EndGlobalSection
	GlobalSection(SolutionProperties) = preSolution
		HideSolutionNode = FALSE
	EndGlobalSection
	GlobalSection(ExtensibilityGlobals) = postSolution
		SolutionGuid = {FCC4FC4D-28FF-4FC5-84A2-F4EA1544FE4A}
	EndGlobalSection
EndGlobal
